{
  "originHash" : "b3a47adb5aefd83e741a9780d62ced7af096b0a776cea202a4bcbc9864a4bb70",
  "pins" : [
    {
      "identity" : "blurhashkit",
      "kind" : "remoteSourceControl",
      "location" : "https://github.com/LePips/BlurHashKit",
      "state" : {
        "revision" : "c0bd7423398de68cbeb3f99bff70f79c38bf36ab",
        "version" : "1.2.0"
      }
    },
    {
      "identity" : "swiftlintplugins",
      "kind" : "remoteSourceControl",
      "location" : "https://github.com/SimplyDanny/SwiftLintPlugins",
      "state" : {
        "revision" : "18d8d2d18e1668006d1d209e0b5f5e06c1da7cb5",
        "version" : "0.63.3"
      }
    }
  ],
  "version" : 3
}
